
Microsoft Visual Studio Solution File, Format Version 12.00
# Visual Studio Version 17
VisualStudioVersion = 17.6.33829.357
MinimumVisualStudioVersion = 10.0.40219.1
Project("{FAE04EC0-301F-11D3-BF4B-00C04F79EFBC}") = "Banco", "Banco\Banco.csproj", "{F10E29B1-B5FF-435E-8453-F3ADD941F96F}"
EndProject
Global
	GlobalSection(SolutionConfigurationPlatforms) = preSolution
		Debug|Any CPU = Debug|Any CPU
		Release|Any CPU = Release|Any CPU
	EndGlobalSection
	GlobalSection(ProjectConfigurationPlatforms) = postSolution
		{F10E29B1-B5FF-435E-8453-F3ADD941F96F}.Debug|Any CPU.ActiveCfg = Debug|Any CPU
		{F10E29B1-B5FF-435E-8453-F3ADD941F96F}.Debug|Any CPU.Build.0 = Debug|Any CPU
		{F10E29B1-B5FF-435E-8453-F3ADD941F96F}.Release|Any CPU.ActiveCfg = Release|Any CPU
		{F10E29B1-B5FF-435E-8453-F3ADD941F96F}.Release|Any CPU.Build.0 = Release|Any CPU
	EndGlobalSection
	GlobalSection(SolutionProperties) = preSolution
		HideSolutionNode = FALSE
	EndGlobalSection
	GlobalSection(ExtensibilityGlobals) = postSolution
		SolutionGuid = {1BC7ADB0-3ED5-4272-9286-E8F5757BA503}
	EndGlobalSection
EndGlobal
