
Microsoft Visual Studio Solution File, Format Version 12.00
# Visual Studio Version 16
VisualStudioVersion = 16.0.810.8
MinimumVisualStudioVersion = 10.0.40219.1
Project("{FAE04EC0-301F-11D3-BF4B-00C04F79EFBC}") = "poo", "poo.csproj", "{EB1E810E-02D1-4139-80B8-B2320743637B}"
EndProject
Global
	GlobalSection(SolutionConfigurationPlatforms) = preSolution
		Debug|anycpu = Debug|anycpu
		Release|anycpu = Release|anycpu
	EndGlobalSection
	GlobalSection(ProjectConfigurationPlatforms) = postSolution
		{EB1E810E-02D1-4139-80B8-B2320743637B}.Debug|anycpu.ActiveCfg = Debug|anycpu
		{EB1E810E-02D1-4139-80B8-B2320743637B}.Debug|anycpu.Build.0 = Debug|anycpu
		{EB1E810E-02D1-4139-80B8-B2320743637B}.Release|anycpu.ActiveCfg = Release|anycpu
		{EB1E810E-02D1-4139-80B8-B2320743637B}.Release|anycpu.Build.0 = Release|anycpu
	EndGlobalSection
	GlobalSection(SolutionProperties) = preSolution
		HideSolutionNode = FALSE
	EndGlobalSection
	GlobalSection(ExtensibilityGlobals) = postSolution
		SolutionGuid = {80B88285-80B6-4B0B-8216-65E6F6BEF7F5}
	EndGlobalSection
EndGlobal
