
Microsoft Visual Studio Solution File, Format Version 12.00
# Visual Studio Version 16
VisualStudioVersion = 16.0.810.13
MinimumVisualStudioVersion = 10.0.40219.1
Project("{FAE04EC0-301F-11D3-BF4B-00C04F79EFBC}") = "AppCartoes", "AppCartoes\AppCartoes.csproj", "{3D9112F7-7486-4012-ACFE-5811D9A90D0E}"
EndProject
Global
	GlobalSection(SolutionConfigurationPlatforms) = preSolution
		Debug|anycpu = Debug|anycpu
		Release|anycpu = Release|anycpu
	EndGlobalSection
	GlobalSection(ProjectConfigurationPlatforms) = postSolution
		{3D9112F7-7486-4012-ACFE-5811D9A90D0E}.Debug|anycpu.ActiveCfg = Debug|anycpu
		{3D9112F7-7486-4012-ACFE-5811D9A90D0E}.Debug|anycpu.Build.0 = Debug|anycpu
		{3D9112F7-7486-4012-ACFE-5811D9A90D0E}.Release|anycpu.ActiveCfg = Release|anycpu
		{3D9112F7-7486-4012-ACFE-5811D9A90D0E}.Release|anycpu.Build.0 = Release|anycpu
	EndGlobalSection
	GlobalSection(SolutionProperties) = preSolution
		HideSolutionNode = FALSE
	EndGlobalSection
	GlobalSection(ExtensibilityGlobals) = postSolution
		SolutionGuid = {52EC0387-74F0-41B3-88D4-7531F28E2335}
	EndGlobalSection
EndGlobal
