
Microsoft Visual Studio Solution File, Format Version 12.00
# Visual Studio Version 16
VisualStudioVersion = 16.0.810.13
MinimumVisualStudioVersion = 10.0.40219.1
Project("{FAE04EC0-301F-11D3-BF4B-00C04F79EFBC}") = "poo", "poo\poo.csproj", "{5C928785-61DD-4ACB-AAAD-0BC945A4764A}"
EndProject
Global
	GlobalSection(SolutionConfigurationPlatforms) = preSolution
		Debug|anycpu = Debug|anycpu
		Release|anycpu = Release|anycpu
	EndGlobalSection
	GlobalSection(ProjectConfigurationPlatforms) = postSolution
		{5C928785-61DD-4ACB-AAAD-0BC945A4764A}.Debug|anycpu.ActiveCfg = Debug|anycpu
		{5C928785-61DD-4ACB-AAAD-0BC945A4764A}.Debug|anycpu.Build.0 = Debug|anycpu
		{5C928785-61DD-4ACB-AAAD-0BC945A4764A}.Release|anycpu.ActiveCfg = Release|anycpu
		{5C928785-61DD-4ACB-AAAD-0BC945A4764A}.Release|anycpu.Build.0 = Release|anycpu
	EndGlobalSection
	GlobalSection(SolutionProperties) = preSolution
		HideSolutionNode = FALSE
	EndGlobalSection
	GlobalSection(ExtensibilityGlobals) = postSolution
		SolutionGuid = {6962FF27-A5C5-4511-A8F6-888B7782448F}
	EndGlobalSection
EndGlobal
