
Microsoft Visual Studio Solution File, Format Version 12.00
# Visual Studio Version 17
VisualStudioVersion = 17.6.33829.357
MinimumVisualStudioVersion = 10.0.40219.1
Project("{FAE04EC0-301F-11D3-BF4B-00C04F79EFBC}") = "aula2", "aula2\aula2.csproj", "{6480A2A2-1249-464C-969B-0F1D0A1BAECD}"
EndProject
Global
	GlobalSection(SolutionConfigurationPlatforms) = preSolution
		Debug|Any CPU = Debug|Any CPU
		Release|Any CPU = Release|Any CPU
	EndGlobalSection
	GlobalSection(ProjectConfigurationPlatforms) = postSolution
		{6480A2A2-1249-464C-969B-0F1D0A1BAECD}.Debug|Any CPU.ActiveCfg = Debug|Any CPU
		{6480A2A2-1249-464C-969B-0F1D0A1BAECD}.Debug|Any CPU.Build.0 = Debug|Any CPU
		{6480A2A2-1249-464C-969B-0F1D0A1BAECD}.Release|Any CPU.ActiveCfg = Release|Any CPU
		{6480A2A2-1249-464C-969B-0F1D0A1BAECD}.Release|Any CPU.Build.0 = Release|Any CPU
	EndGlobalSection
	GlobalSection(SolutionProperties) = preSolution
		HideSolutionNode = FALSE
	EndGlobalSection
	GlobalSection(ExtensibilityGlobals) = postSolution
		SolutionGuid = {97C9633B-DE96-48F8-A57E-6B5D8B4BC801}
	EndGlobalSection
EndGlobal
